#MicroXplorer Configuration settings - do not modify
CAN1.ABOM=ENABLE
CAN1.AWUM=ENABLE
CAN1.BS1=CAN_BS1_2TQ
CAN1.BS2=CAN_BS2_4TQ
CAN1.CalculateTimeBit=428
CAN1.CalculateTimeQuantum=142.85714285714286
CAN1.IPParameters=CalculateTimeQuantum,CalculateTimeBit,Prescaler,BS1,BS2,ABOM,AWUM
CAN1.Prescaler=6
CAN2.ABOM=ENABLE
CAN2.AWUM=ENABLE
CAN2.BS1=CAN_BS1_2TQ
CAN2.BS2=CAN_BS2_4TQ
CAN2.CalculateTimeBit=428
CAN2.CalculateTimeQuantum=142.85714285714286
CAN2.IPParameters=CalculateTimeQuantum,CalculateTimeBit,BS1,BS2,Prescaler,ABOM,AWUM
CAN2.Prescaler=6
Dma.Request0=USART3_RX
Dma.Request1=UART8_RX
Dma.Request2=USART1_RX
Dma.Request3=USART6_RX
Dma.RequestsNb=4
Dma.UART8_RX.1.Direction=DMA_PERIPH_TO_MEMORY
Dma.UART8_RX.1.FIFOMode=DMA_FIFOMODE_DISABLE
Dma.UART8_RX.1.Instance=DMA1_Stream6
Dma.UART8_RX.1.MemDataAlignment=DMA_MDATAALIGN_BYTE
Dma.UART8_RX.1.MemInc=DMA_MINC_ENABLE
Dma.UART8_RX.1.Mode=DMA_NORMAL
Dma.UART8_RX.1.PeriphDataAlignment=DMA_PDATAALIGN_BYTE
Dma.UART8_RX.1.PeriphInc=DMA_PINC_DISABLE
Dma.UART8_RX.1.Priority=DMA_PRIORITY_LOW
Dma.UART8_RX.1.RequestParameters=Instance,Direction,PeriphInc,MemInc,PeriphDataAlignment,MemDataAlignment,Mode,Priority,FIFOMode
Dma.USART1_RX.2.Direction=DMA_PERIPH_TO_MEMORY
Dma.USART1_RX.2.FIFOMode=DMA_FIFOMODE_DISABLE
Dma.USART1_RX.2.Instance=DMA2_Stream2
Dma.USART1_RX.2.MemDataAlignment=DMA_MDATAALIGN_BYTE
Dma.USART1_RX.2.MemInc=DMA_MINC_ENABLE
Dma.USART1_RX.2.Mode=DMA_CIRCULAR
Dma.USART1_RX.2.PeriphDataAlignment=DMA_PDATAALIGN_BYTE
Dma.USART1_RX.2.PeriphInc=DMA_PINC_DISABLE
Dma.USART1_RX.2.Priority=DMA_PRIORITY_LOW
Dma.USART1_RX.2.RequestParameters=Instance,Direction,PeriphInc,MemInc,PeriphDataAlignment,MemDataAlignment,Mode,Priority,FIFOMode
Dma.USART3_RX.0.Direction=DMA_PERIPH_TO_MEMORY
Dma.USART3_RX.0.FIFOMode=DMA_FIFOMODE_DISABLE
Dma.USART3_RX.0.Instance=DMA1_Stream1
Dma.USART3_RX.0.MemDataAlignment=DMA_MDATAALIGN_BYTE
Dma.USART3_RX.0.MemInc=DMA_MINC_ENABLE
Dma.USART3_RX.0.Mode=DMA_CIRCULAR
Dma.USART3_RX.0.PeriphDataAlignment=DMA_PDATAALIGN_BYTE
Dma.USART3_RX.0.PeriphInc=DMA_PINC_DISABLE
Dma.USART3_RX.0.Priority=DMA_PRIORITY_LOW
Dma.USART3_RX.0.RequestParameters=Instance,Direction,PeriphInc,MemInc,PeriphDataAlignment,MemDataAlignment,Mode,Priority,FIFOMode
Dma.USART6_RX.3.Direction=DMA_PERIPH_TO_MEMORY
Dma.USART6_RX.3.FIFOMode=DMA_FIFOMODE_DISABLE
Dma.USART6_RX.3.Instance=DMA2_Stream1
Dma.USART6_RX.3.MemDataAlignment=DMA_MDATAALIGN_BYTE
Dma.USART6_RX.3.MemInc=DMA_MINC_ENABLE
Dma.USART6_RX.3.Mode=DMA_CIRCULAR
Dma.USART6_RX.3.PeriphDataAlignment=DMA_PDATAALIGN_BYTE
Dma.USART6_RX.3.PeriphInc=DMA_PINC_DISABLE
Dma.USART6_RX.3.Priority=DMA_PRIORITY_LOW
Dma.USART6_RX.3.RequestParameters=Instance,Direction,PeriphInc,MemInc,PeriphDataAlignment,MemDataAlignment,Mode,Priority,FIFOMode
FREERTOS.IPParameters=Tasks01
FREERTOS.Tasks01=defaultTask,0,128,StartDefaultTask,Default
File.Version=6
KeepUserPlacement=false
Mcu.Family=STM32F4
Mcu.IP0=CAN1
Mcu.IP1=CAN2
Mcu.IP10=USART3
Mcu.IP11=USART6
Mcu.IP2=DMA
Mcu.IP3=FREERTOS
Mcu.IP4=NVIC
Mcu.IP5=RCC
Mcu.IP6=SYS
Mcu.IP7=TIM5
Mcu.IP8=UART8
Mcu.IP9=USART1
Mcu.IPNb=12
Mcu.Name=STM32F427I(G-I)Hx
Mcu.Package=UFBGA176
Mcu.Pin0=PE1
Mcu.Pin1=PE0
Mcu.Pin10=PG9
Mcu.Pin11=PA9
Mcu.Pin12=PH0/OSC_IN
Mcu.Pin13=PH1/OSC_OUT
Mcu.Pin14=PH11
Mcu.Pin15=PH10
Mcu.Pin16=VP_FREERTOS_VS_ENABLE
Mcu.Pin17=VP_SYS_VS_Systick
Mcu.Pin2=PB8
Mcu.Pin3=PB5
Mcu.Pin4=PG14
Mcu.Pin5=PB9
Mcu.Pin6=PB7
Mcu.Pin7=PB6
Mcu.Pin8=PC11
Mcu.Pin9=PC10
Mcu.PinsNb=18
Mcu.ThirdPartyNb=0
Mcu.UserConstants=
Mcu.UserName=STM32F427IIHx
MxCube.Version=4.17.0
MxDb.Version=DB.4.0.170
NVIC.BusFault_IRQn=true\:0\:0\:false\:false\:true\:false\:true
NVIC.CAN1_RX0_IRQn=true\:6\:0\:true\:false\:true\:false\:true
NVIC.CAN2_RX0_IRQn=true\:6\:0\:true\:false\:true\:false\:true
NVIC.DMA1_Stream1_IRQn=true\:5\:0\:false\:false\:true\:true\:true
NVIC.DMA1_Stream6_IRQn=true\:5\:0\:false\:false\:true\:true\:true
NVIC.DMA2_Stream1_IRQn=true\:5\:0\:false\:false\:true\:true\:true
NVIC.DMA2_Stream2_IRQn=true\:5\:0\:false\:false\:true\:true\:true
NVIC.DebugMonitor_IRQn=true\:0\:0\:false\:false\:true\:false\:true
NVIC.HardFault_IRQn=true\:0\:0\:false\:false\:true\:false\:true
NVIC.MemoryManagement_IRQn=true\:0\:0\:false\:false\:true\:false\:true
NVIC.NonMaskableInt_IRQn=true\:0\:0\:false\:false\:true\:false\:true
NVIC.PendSV_IRQn=true\:15\:0\:false\:false\:false\:true\:true
NVIC.PriorityGroup=NVIC_PRIORITYGROUP_4
NVIC.SVCall_IRQn=true\:0\:0\:false\:false\:false\:false\:true
NVIC.SysTick_IRQn=true\:15\:0\:false\:false\:true\:true\:true
NVIC.UsageFault_IRQn=true\:0\:0\:false\:false\:true\:false\:true
PA9.GPIOParameters=GPIO_Label
PA9.GPIO_Label=USART1_TX
PA9.Mode=Asynchronous
PA9.Signal=USART1_TX
PB5.GPIOParameters=GPIO_Label
PB5.GPIO_Label=CAN2_RX
PB5.Mode=Slave
PB5.Signal=CAN2_RX
PB6.GPIOParameters=GPIO_Label
PB6.GPIO_Label=CAN2_TX
PB6.Mode=Slave
PB6.Signal=CAN2_TX
PB7.GPIOParameters=GPIO_Label
PB7.GPIO_Label=USART1_RX
PB7.Mode=Asynchronous
PB7.Signal=USART1_RX
PB8.GPIOParameters=GPIO_Label
PB8.GPIO_Label=CAN1_RX
PB8.Mode=Master
PB8.Signal=CAN1_RX
PB9.GPIOParameters=GPIO_Label
PB9.GPIO_Label=CAN1_TX
PB9.Mode=Master
PB9.Signal=CAN1_TX
PC10.GPIOParameters=GPIO_Label
PC10.GPIO_Label=USART3_TX
PC10.Mode=Asynchronous
PC10.Signal=USART3_TX
PC11.GPIOParameters=GPIO_Label
PC11.GPIO_Label=USART3_RX
PC11.Mode=Asynchronous
PC11.Signal=USART3_RX
PE0.GPIOParameters=GPIO_Label
PE0.GPIO_Label=UART8_RX
PE0.Mode=Asynchronous
PE0.Signal=UART8_RX
PE1.GPIOParameters=GPIO_Label
PE1.GPIO_Label=UART8_TX
PE1.Mode=Asynchronous
PE1.Signal=UART8_TX
PG14.GPIOParameters=GPIO_Label
PG14.GPIO_Label=USART6_TX
PG14.Mode=Asynchronous
PG14.Signal=USART6_TX
PG9.GPIOParameters=GPIO_Label
PG9.GPIO_Label=USART6_RX
PG9.Mode=Asynchronous
PG9.Signal=USART6_RX
PH0/OSC_IN.Mode=HSE-External-Oscillator
PH0/OSC_IN.Signal=RCC_OSC_IN
PH1/OSC_OUT.Mode=HSE-External-Oscillator
PH1/OSC_OUT.Signal=RCC_OSC_OUT
PH10.GPIOParameters=GPIO_Label
PH10.GPIO_Label=TIM5_CH1
PH10.Signal=S_TIM5_CH1
PH11.GPIOParameters=GPIO_Label
PH11.GPIO_Label=TIM5_CH2
PH11.Signal=S_TIM5_CH2
PinOutPanel.CurrentBGAView=Top
PinOutPanel.RotationAngle=0
ProjectManager.AskForMigrate=false
ProjectManager.BackupPrevious=false
ProjectManager.CompilerOptimize=2
ProjectManager.ComputerToolchain=false
ProjectManager.CoupleFile=true
ProjectManager.CustomerFirmwarePackage=
ProjectManager.DefaultFWLocation=true
ProjectManager.DeletePrevious=true
ProjectManager.DeviceId=STM32F427IIHx
ProjectManager.FirmwarePackage=STM32Cube FW_F4 V1.13.1
ProjectManager.FreePins=false
ProjectManager.HalAssertFull=false
ProjectManager.HeapSize=0x200
ProjectManager.KeepUserCode=true
ProjectManager.LastFirmware=true
ProjectManager.LibraryCopy=0
ProjectManager.MainLocation=Src
ProjectManager.PreviousToolchain=
ProjectManager.ProjectBuild=false
ProjectManager.ProjectFileName=2018.07.12-infantry.ioc
ProjectManager.ProjectName=2018.07.12-infantry
ProjectManager.StackSize=0x400
ProjectManager.TargetToolchain=MDK-ARM V5
ProjectManager.ToolChainLocation=C\:\\Users\\Administrator\\Desktop\\\u529F\u7387\u9650\u5236\\2018.08.1-infantry - \u5730\u76D8\u529F\u7387
ProjectManager.UnderRoot=false
ProjectManager.functionlistsort=1-MX_GPIO_Init-GPIO-false-HAL-true,2-MX_DMA_Init-DMA-false-HAL-true,3-SystemClock_Config-RCC-false-HAL-true,4-MX_CAN1_Init-CAN1-false-HAL-true,5-MX_CAN2_Init-CAN2-false-HAL-true,6-MX_TIM5_Init-TIM5-false-HAL-true,7-MX_UART8_Init-UART8-false-HAL-true,8-MX_USART1_UART_Init-USART1-false-HAL-true,9-MX_USART3_UART_Init-USART3-false-HAL-true,10-MX_USART6_UART_Init-USART6-false-HAL-true
RCC.48MHZClocksFreq_Value=84000000
RCC.AHBFreq_Value=168000000
RCC.APB1CLKDivider=RCC_HCLK_DIV4
RCC.APB1Freq_Value=42000000
RCC.APB1TimFreq_Value=84000000
RCC.APB2CLKDivider=RCC_HCLK_DIV2
RCC.APB2Freq_Value=84000000
RCC.APB2TimFreq_Value=168000000
RCC.CortexFreq_Value=168000000
RCC.EthernetFreq_Value=168000000
RCC.FCLKCortexFreq_Value=168000000
RCC.FamilyName=M
RCC.HCLKFreq_Value=168000000
RCC.HSE_VALUE=16000000
RCC.HSI_VALUE=16000000
RCC.I2SClocksFreq_Value=96000000
RCC.IPParameters=48MHZClocksFreq_Value,AHBFreq_Value,APB1CLKDivider,APB1Freq_Value,APB1TimFreq_Value,APB2CLKDivider,APB2Freq_Value,APB2TimFreq_Value,CortexFreq_Value,EthernetFreq_Value,FCLKCortexFreq_Value,FamilyName,HCLKFreq_Value,HSE_VALUE,HSI_VALUE,I2SClocksFreq_Value,LSE_VALUE,LSI_VALUE,MCO2PinFreq_Value,PLLCLKFreq_Value,PLLN,PLLQCLKFreq_Value,PLLSourceVirtual,RTCFreq_Value,RTCHSEDivFreq_Value,SAI_AClocksFreq_Value,SAI_BClocksFreq_Value,SYSCLKFreq_VALUE,SYSCLKSource,VCOI2SOutputFreq_Value,VCOInputFreq_Value,VCOOutputFreq_Value,VCOSAIOutputFreq_Value,VCOSAIOutputFreq_ValueQ,VcooutputI2S,VcooutputI2SQ
RCC.LSE_VALUE=32768
RCC.LSI_VALUE=32000
RCC.MCO2PinFreq_Value=168000000
RCC.PLLCLKFreq_Value=168000000
RCC.PLLN=336
RCC.PLLQCLKFreq_Value=84000000
RCC.PLLSourceVirtual=RCC_PLLSOURCE_HSE
RCC.RTCFreq_Value=32000
RCC.RTCHSEDivFreq_Value=8000000
RCC.SAI_AClocksFreq_Value=12250000
RCC.SAI_BClocksFreq_Value=12250000
RCC.SYSCLKFreq_VALUE=168000000
RCC.SYSCLKSource=RCC_SYSCLKSOURCE_PLLCLK
RCC.VCOI2SOutputFreq_Value=192000000
RCC.VCOInputFreq_Value=1000000
RCC.VCOOutputFreq_Value=336000000
RCC.VCOSAIOutputFreq_Value=49000000
RCC.VCOSAIOutputFreq_ValueQ=12250000
RCC.VcooutputI2S=96000000
RCC.VcooutputI2SQ=96000000
SH.S_TIM5_CH1.0=TIM5_CH1,PWM Generation1 CH1
SH.S_TIM5_CH1.ConfNb=1
SH.S_TIM5_CH2.0=TIM5_CH2,PWM Generation2 CH2
SH.S_TIM5_CH2.ConfNb=1
TIM5.Channel-PWM\ Generation1\ CH1=TIM_CHANNEL_1
TIM5.Channel-PWM\ Generation2\ CH2=TIM_CHANNEL_2
TIM5.IPParameters=Channel-PWM Generation2 CH2,Prescaler,Period,Channel-PWM Generation1 CH1
TIM5.Period=1999
TIM5.Prescaler=839
UART8.IPParameters=VirtualMode
UART8.VirtualMode=Asynchronous
USART1.IPParameters=VirtualMode
USART1.VirtualMode=VM_ASYNC
USART3.IPParameters=VirtualMode
USART3.VirtualMode=VM_ASYNC
USART6.IPParameters=VirtualMode
USART6.VirtualMode=VM_ASYNC
VP_FREERTOS_VS_ENABLE.Mode=Enabled
VP_FREERTOS_VS_ENABLE.Signal=FREERTOS_VS_ENABLE
VP_SYS_VS_Systick.Mode=SysTick
VP_SYS_VS_Systick.Signal=SYS_VS_Systick
board=2018.07.12-infantry
